
Microsoft Visual Studio Solution File, Format Version 12.00
# Visual Studio Version 17
VisualStudioVersion = 17.10.34825.169
MinimumVisualStudioVersion = 10.0.40219.1
Project("{9A19103F-16F7-4668-BE54-9A1E7A4F7556}") = "OFXSharper", "OFXSharper\OFXSharper.csproj", "{C89D7C48-DE17-4EB3-BC65-CCA3D8A375F9}"
EndProject
Project("{9A19103F-16F7-4668-BE54-9A1E7A4F7556}") = "OFXSharper.Tests", "OFXSharper.Tests\OFXSharper.Tests.csproj", "{72CCB407-4984-45B3-8326-5263B8CB4AAD}"
EndProject
Global
	GlobalSection(SolutionConfigurationPlatforms) = preSolution
		Debug|Any CPU = Debug|Any CPU
		Release|Any CPU = Release|Any CPU
	EndGlobalSection
	GlobalSection(ProjectConfigurationPlatforms) = postSolution
		{C89D7C48-DE17-4EB3-BC65-CCA3D8A375F9}.Debug|Any CPU.ActiveCfg = Debug|Any CPU
		{C89D7C48-DE17-4EB3-BC65-CCA3D8A375F9}.Debug|Any CPU.Build.0 = Debug|Any CPU
		{C89D7C48-DE17-4EB3-BC65-CCA3D8A375F9}.Release|Any CPU.ActiveCfg = Release|Any CPU
		{C89D7C48-DE17-4EB3-BC65-CCA3D8A375F9}.Release|Any CPU.Build.0 = Release|Any CPU
		{72CCB407-4984-45B3-8326-5263B8CB4AAD}.Debug|Any CPU.ActiveCfg = Debug|Any CPU
		{72CCB407-4984-45B3-8326-5263B8CB4AAD}.Debug|Any CPU.Build.0 = Debug|Any CPU
		{72CCB407-4984-45B3-8326-5263B8CB4AAD}.Release|Any CPU.ActiveCfg = Release|Any CPU
		{72CCB407-4984-45B3-8326-5263B8CB4AAD}.Release|Any CPU.Build.0 = Release|Any CPU
	EndGlobalSection
	GlobalSection(SolutionProperties) = preSolution
		HideSolutionNode = FALSE
	EndGlobalSection
	GlobalSection(ExtensibilityGlobals) = postSolution
		SolutionGuid = {64987655-AB4A-4038-A051-47C71E6C4113}
	EndGlobalSection
EndGlobal
